
Microsoft Visual Studio Solution File, Format Version 12.00
# Visual Studio Version 17
VisualStudioVersion = 17.4.33403.182
MinimumVisualStudioVersion = 10.0.40219.1
Project("{9A19103F-16F7-4668-BE54-9A1E7A4F7556}") = "inversao-dependencia6", "inversao-dependencia6.csproj", "{93257555-A004-45ED-B5E2-A8704A4E662E}"
EndProject
Global
	GlobalSection(SolutionConfigurationPlatforms) = preSolution
		Debug|Any CPU = Debug|Any CPU
		Release|Any CPU = Release|Any CPU
	EndGlobalSection
	GlobalSection(ProjectConfigurationPlatforms) = postSolution
		{93257555-A004-45ED-B5E2-A8704A4E662E}.Debug|Any CPU.ActiveCfg = Debug|Any CPU
		{93257555-A004-45ED-B5E2-A8704A4E662E}.Debug|Any CPU.Build.0 = Debug|Any CPU
		{93257555-A004-45ED-B5E2-A8704A4E662E}.Release|Any CPU.ActiveCfg = Release|Any CPU
		{93257555-A004-45ED-B5E2-A8704A4E662E}.Release|Any CPU.Build.0 = Release|Any CPU
	EndGlobalSection
	GlobalSection(SolutionProperties) = preSolution
		HideSolutionNode = FALSE
	EndGlobalSection
	GlobalSection(ExtensibilityGlobals) = postSolution
		SolutionGuid = {9A7256A0-F900-4A56-9535-4CC3DBCB9D5F}
	EndGlobalSection
EndGlobal
