
Microsoft Visual Studio Solution File, Format Version 12.00
# Visual Studio Version 17
VisualStudioVersion = 17.4.33403.182
MinimumVisualStudioVersion = 10.0.40219.1
Project("{9A19103F-16F7-4668-BE54-9A1E7A4F7556}") = "retangulo-sem-liskov", "retangulo-sem-liskov\retangulo-sem-liskov.csproj", "{4C34680B-1394-4E05-AF6C-54D0CD8C2AEB}"
EndProject
Project("{9A19103F-16F7-4668-BE54-9A1E7A4F7556}") = "retangulo-liskov-refatorado", "retangulo-liskov-refatorado\retangulo-liskov-refatorado.csproj", "{2565E229-7C4F-4002-BB39-E95A168D6727}"
EndProject
Global
	GlobalSection(SolutionConfigurationPlatforms) = preSolution
		Debug|Any CPU = Debug|Any CPU
		Release|Any CPU = Release|Any CPU
	EndGlobalSection
	GlobalSection(ProjectConfigurationPlatforms) = postSolution
		{4C34680B-1394-4E05-AF6C-54D0CD8C2AEB}.Debug|Any CPU.ActiveCfg = Debug|Any CPU
		{4C34680B-1394-4E05-AF6C-54D0CD8C2AEB}.Debug|Any CPU.Build.0 = Debug|Any CPU
		{4C34680B-1394-4E05-AF6C-54D0CD8C2AEB}.Release|Any CPU.ActiveCfg = Release|Any CPU
		{4C34680B-1394-4E05-AF6C-54D0CD8C2AEB}.Release|Any CPU.Build.0 = Release|Any CPU
		{2565E229-7C4F-4002-BB39-E95A168D6727}.Debug|Any CPU.ActiveCfg = Debug|Any CPU
		{2565E229-7C4F-4002-BB39-E95A168D6727}.Debug|Any CPU.Build.0 = Debug|Any CPU
		{2565E229-7C4F-4002-BB39-E95A168D6727}.Release|Any CPU.ActiveCfg = Release|Any CPU
		{2565E229-7C4F-4002-BB39-E95A168D6727}.Release|Any CPU.Build.0 = Release|Any CPU
	EndGlobalSection
	GlobalSection(SolutionProperties) = preSolution
		HideSolutionNode = FALSE
	EndGlobalSection
	GlobalSection(ExtensibilityGlobals) = postSolution
		SolutionGuid = {A42BCB33-F066-4749-AF5B-2764C2B712BF}
	EndGlobalSection
EndGlobal
